
Microsoft Visual Studio Solution File, Format Version 12.00
# Visual Studio Version 17
VisualStudioVersion = 17.9.34728.123
MinimumVisualStudioVersion = 10.0.40219.1
Project("{9A19103F-16F7-4668-BE54-9A1E7A4F7556}") = "GyorsulasEVA_AVA", "GyorsulasEVA_AVA\GyorsulasEVA_AVA.csproj", "{FEE42D8F-AF4D-4B26-B5D8-2B881C2634FC}"
EndProject
Project("{9A19103F-16F7-4668-BE54-9A1E7A4F7556}") = "GyorsulasEVA_AVA.Desktop", "GyorsulasEVA_AVA.Desktop\GyorsulasEVA_AVA.Desktop.csproj", "{9A7936F5-5039-4263-A612-5E407AFA8BB5}"
EndProject
Global
	GlobalSection(SolutionConfigurationPlatforms) = preSolution
		Debug|Any CPU = Debug|Any CPU
		Release|Any CPU = Release|Any CPU
	EndGlobalSection
	GlobalSection(ProjectConfigurationPlatforms) = postSolution
		{FEE42D8F-AF4D-4B26-B5D8-2B881C2634FC}.Debug|Any CPU.ActiveCfg = Debug|Any CPU
		{FEE42D8F-AF4D-4B26-B5D8-2B881C2634FC}.Debug|Any CPU.Build.0 = Debug|Any CPU
		{FEE42D8F-AF4D-4B26-B5D8-2B881C2634FC}.Release|Any CPU.ActiveCfg = Release|Any CPU
		{FEE42D8F-AF4D-4B26-B5D8-2B881C2634FC}.Release|Any CPU.Build.0 = Release|Any CPU
		{9A7936F5-5039-4263-A612-5E407AFA8BB5}.Debug|Any CPU.ActiveCfg = Debug|Any CPU
		{9A7936F5-5039-4263-A612-5E407AFA8BB5}.Debug|Any CPU.Build.0 = Debug|Any CPU
		{9A7936F5-5039-4263-A612-5E407AFA8BB5}.Release|Any CPU.ActiveCfg = Release|Any CPU
		{9A7936F5-5039-4263-A612-5E407AFA8BB5}.Release|Any CPU.Build.0 = Release|Any CPU
	EndGlobalSection
	GlobalSection(SolutionProperties) = preSolution
		HideSolutionNode = FALSE
	EndGlobalSection
	GlobalSection(ExtensibilityGlobals) = postSolution
		SolutionGuid = {D3440EEB-2B5E-4C23-9842-C2D131A9A109}
	EndGlobalSection
EndGlobal
